<?xml version="1.0" encoding="utf-8"?>
<Project ToolsVersion="4.0" xmlns="http://schemas.microsoft.com/developer/msbuild/2003">
  <ItemGroup>
    <Filter Include="Archivos de código fuente">
      <UniqueIdentifier>{4FC737F1-C7A5-4376-A066-2A32D752A2FF}</UniqueIdentifier>
      <Extensions>cpp;c;cc;cxx;def;odl;idl;hpj;bat;asm;asmx</Extensions>
    </Filter>
    <Filter Include="Archivos de encabezado">
      <UniqueIdentifier>{93995380-89BD-4b04-88EB-625FBE52EBFB}</UniqueIdentifier>
      <Extensions>h;hh;hpp;hxx;hm;inl;inc;xsd</Extensions>
    </Filter>
    <Filter Include="Archivos de recursos">
      <UniqueIdentifier>{67DA6AB6-F800-4c08-8B7A-83BB121AAD01}</UniqueIdentifier>
      <Extensions>rc;ico;cur;bmp;dlg;rc2;rct;bin;rgs;gif;jpg;jpeg;jpe;resx;tiff;tif;png;wav;mfcribbon-ms</Extensions>
    </Filter>
    <Filter Include="Shaders">
      <UniqueIdentifier>{7753321b-6243-4df9-98a7-f84186c3e296}</UniqueIdentifier>
    </Filter>
    <Filter Include="Archivos de código fuente\Characters">
      <UniqueIdentifier>{5d6be320-8e27-4178-a6fd-9d5b3509b88a}</UniqueIdentifier>
    </Filter>
    <Filter Include="Archivos de código fuente\Collisions">
      <UniqueIdentifier>{8fc49216-655c-4968-8cbc-58e65cc30395}</UniqueIdentifier>
    </Filter>
    <Filter Include="Archivos de código fuente\Debug">
      <UniqueIdentifier>{48bc2cd8-8fb9-4956-aed8-9a88973167e2}</UniqueIdentifier>
    </Filter>
    <Filter Include="Archivos de código fuente\Utilities">
      <UniqueIdentifier>{dd56104b-43ce-48b7-89db-fc445eefafaf}</UniqueIdentifier>
    </Filter>
    <Filter Include="Archivos de encabezado\Characters">
      <UniqueIdentifier>{17ebadf3-8745-49bb-92dd-47cfc664a65a}</UniqueIdentifier>
    </Filter>
    <Filter Include="Archivos de encabezado\Collisions">
      <UniqueIdentifier>{c2a4c516-f26c-48b0-ba5a-ef22dff2cc5e}</UniqueIdentifier>
    </Filter>
    <Filter Include="Archivos de encabezado\Debug">
      <UniqueIdentifier>{8097a562-e173-46e2-85b7-591195d4dc99}</UniqueIdentifier>
    </Filter>
    <Filter Include="Archivos de encabezado\Utilities">
      <UniqueIdentifier>{51b808c1-a6a7-4d7b-b8b7-3dc72f564f1c}</UniqueIdentifier>
    </Filter>
    <Filter Include="Archivos de encabezado\UI">
      <UniqueIdentifier>{c51e3bb5-6ea2-4ff3-9e40-254fb5610585}</UniqueIdentifier>
    </Filter>
    <Filter Include="Archivos de encabezado\Textures">
      <UniqueIdentifier>{4455f18f-5e5c-475d-b694-345c56d6b835}</UniqueIdentifier>
    </Filter>
    <Filter Include="Archivos de encabezado\Scenes">
      <UniqueIdentifier>{89108818-f1af-4ad3-8932-6a2078c40f02}</UniqueIdentifier>
    </Filter>
    <Filter Include="Archivos de encabezado\Projectiles">
      <UniqueIdentifier>{9eadd434-4c01-4938-9551-a44f1cd0a317}</UniqueIdentifier>
    </Filter>
    <Filter Include="Archivos de código fuente\Projectiles">
      <UniqueIdentifier>{1f5541d8-56e8-4d11-8edd-e60c74c9fd70}</UniqueIdentifier>
    </Filter>
    <Filter Include="Archivos de código fuente\Scenes">
      <UniqueIdentifier>{0134749a-0d15-4a94-82d6-5cdfea30c3dc}</UniqueIdentifier>
    </Filter>
    <Filter Include="Archivos de código fuente\Textures">
      <UniqueIdentifier>{8969a063-620b-4364-bb63-0255f335c745}</UniqueIdentifier>
    </Filter>
    <Filter Include="Archivos de código fuente\UI">
      <UniqueIdentifier>{9e6fb5cc-5fa8-419d-a21b-8b54bd0edf48}</UniqueIdentifier>
    </Filter>
    <Filter Include="Archivos de código fuente\Characters\Enemies">
      <UniqueIdentifier>{7959f841-557f-4707-a7da-a99ab245092e}</UniqueIdentifier>
    </Filter>
    <Filter Include="Archivos de código fuente\Characters\Player">
      <UniqueIdentifier>{512ef08a-7171-45b3-8339-a088d67bda1b}</UniqueIdentifier>
    </Filter>
    <Filter Include="Archivos de encabezado\Characters\Enemies">
      <UniqueIdentifier>{32dfb595-64f5-4712-baf8-23bdda6a61c0}</UniqueIdentifier>
    </Filter>
    <Filter Include="Archivos de encabezado\Characters\Player">
      <UniqueIdentifier>{443810c0-1e49-40d5-824a-5b5828ccaf9d}</UniqueIdentifier>
    </Filter>
    <Filter Include="Archivos de encabezado\Sound">
      <UniqueIdentifier>{f6151a1c-6d55-4313-a325-c3c06262690a}</UniqueIdentifier>
    </Filter>
    <Filter Include="Archivos de código fuente\Sound">
      <UniqueIdentifier>{2972832e-1b1e-4f93-ae1c-81cfdf1ec9bd}</UniqueIdentifier>
    </Filter>
    <Filter Include="Archivos de código fuente\Objects">
      <UniqueIdentifier>{202a6ab2-b576-4c1b-aac5-6d468ae8c9d0}</UniqueIdentifier>
    </Filter>
    <Filter Include="Archivos de encabezado\Objects">
      <UniqueIdentifier>{51d98ffe-d337-4896-acd3-01a8f986b8bc}</UniqueIdentifier>
    </Filter>
  </ItemGroup>
  <ItemGroup>
    <None Include="shaders\texture.vert">
      <Filter>Shaders</Filter>
    </None>
    <None Include="shaders\hitBox.frag">
      <Filter>Shaders</Filter>
    </None>
    <None Include="shaders\hitBox.vert">
      <Filter>Shaders</Filter>
    </None>
    <None Include="shaders\level-obstacles.frag">
      <Filter>Shaders</Filter>
    </None>
    <None Include="shaders\level-obstacles.vert">
      <Filter>Shaders</Filter>
    </None>
    <None Include="shaders\simple.frag">
      <Filter>Shaders</Filter>
    </None>
    <None Include="shaders\simple.vert">
      <Filter>Shaders</Filter>
    </None>
    <None Include="shaders\texture.frag">
      <Filter>Shaders</Filter>
    </None>
  </ItemGroup>
  <ItemGroup>
    <ClCompile Include="main\Game.cpp">
      <Filter>Archivos de código fuente</Filter>
    </ClCompile>
    <ClCompile Include="main\main.cpp">
      <Filter>Archivos de código fuente</Filter>
    </ClCompile>
    <ClCompile Include="main\utilities\Quad.cpp">
      <Filter>Archivos de código fuente\Utilities</Filter>
    </ClCompile>
    <ClCompile Include="main\utilities\Shader.cpp">
      <Filter>Archivos de código fuente\Utilities</Filter>
    </ClCompile>
    <ClCompile Include="main\utilities\ShaderProgram.cpp">
      <Filter>Archivos de código fuente\Utilities</Filter>
    </ClCompile>
    <ClCompile Include="main\utilities\Texture.cpp">
      <Filter>Archivos de código fuente\Utilities</Filter>
    </ClCompile>
    <ClCompile Include="main\ui\Text.cpp">
      <Filter>Archivos de código fuente\UI</Filter>
    </ClCompile>
    <ClCompile Include="main\ui\UI_Button.cpp">
      <Filter>Archivos de código fuente\UI</Filter>
    </ClCompile>
    <ClCompile Include="main\textures\Sprite.cpp">
      <Filter>Archivos de código fuente\Textures</Filter>
    </ClCompile>
    <ClCompile Include="main\textures\SpriteOptimized.cpp">
      <Filter>Archivos de código fuente\Textures</Filter>
    </ClCompile>
    <ClCompile Include="main\textures\TexturedQuad.cpp">
      <Filter>Archivos de código fuente\Textures</Filter>
    </ClCompile>
    <ClCompile Include="main\textures\TileMap.cpp">
      <Filter>Archivos de código fuente\Textures</Filter>
    </ClCompile>
    <ClCompile Include="main\scenes\GameScene.cpp">
      <Filter>Archivos de código fuente\Scenes</Filter>
    </ClCompile>
    <ClCompile Include="main\scenes\LoadingScene.cpp">
      <Filter>Archivos de código fuente\Scenes</Filter>
    </ClCompile>
    <ClCompile Include="main\scenes\MainMenuScene.cpp">
      <Filter>Archivos de código fuente\Scenes</Filter>
    </ClCompile>
    <ClCompile Include="main\scenes\Scene.cpp">
      <Filter>Archivos de código fuente\Scenes</Filter>
    </ClCompile>
    <ClCompile Include="main\projectiles\Projectile.cpp">
      <Filter>Archivos de código fuente\Projectiles</Filter>
    </ClCompile>
    <ClCompile Include="main\projectiles\ProjectileFactory.cpp">
      <Filter>Archivos de código fuente\Projectiles</Filter>
    </ClCompile>
    <ClCompile Include="main\projectiles\ProjectileFireball.cpp">
      <Filter>Archivos de código fuente\Projectiles</Filter>
    </ClCompile>
    <ClCompile Include="main\projectiles\ProjectileNormal.cpp">
      <Filter>Archivos de código fuente\Projectiles</Filter>
    </ClCompile>
    <ClCompile Include="main\debug\TrianglesRenderer.cpp">
      <Filter>Archivos de código fuente\Debug</Filter>
    </ClCompile>
    <ClCompile Include="main\collisions\Collision.cpp">
      <Filter>Archivos de código fuente\Collisions</Filter>
    </ClCompile>
    <ClCompile Include="main\collisions\CollisionSystem.cpp">
      <Filter>Archivos de código fuente\Collisions</Filter>
    </ClCompile>
    <ClCompile Include="main\characters\Character.cpp">
      <Filter>Archivos de código fuente\Characters</Filter>
    </ClCompile>
    <ClCompile Include="main\characters\CharacterFactory.cpp">
      <Filter>Archivos de código fuente\Characters</Filter>
    </ClCompile>
    <ClCompile Include="main\characters\player\ForceDevice.cpp">
      <Filter>Archivos de código fuente\Characters\Player</Filter>
    </ClCompile>
    <ClCompile Include="main\characters\player\Player.cpp">
      <Filter>Archivos de código fuente\Characters\Player</Filter>
    </ClCompile>
    <ClCompile Include="main\characters\enemies\Boss.cpp">
      <Filter>Archivos de código fuente\Characters\Enemies</Filter>
    </ClCompile>
    <ClCompile Include="main\characters\enemies\Enemy1.cpp">
      <Filter>Archivos de código fuente\Characters\Enemies</Filter>
    </ClCompile>
    <ClCompile Include="main\characters\enemies\Enemy2.cpp">
      <Filter>Archivos de código fuente\Characters\Enemies</Filter>
    </ClCompile>
    <ClCompile Include="main\characters\enemies\Enemy3.cpp">
      <Filter>Archivos de código fuente\Characters\Enemies</Filter>
    </ClCompile>
    <ClCompile Include="main\characters\enemies\Enemy4.cpp">
      <Filter>Archivos de código fuente\Characters\Enemies</Filter>
    </ClCompile>
    <ClCompile Include="main\characters\enemies\Worm.cpp">
      <Filter>Archivos de código fuente\Characters\Enemies</Filter>
    </ClCompile>
    <ClCompile Include="main\projectiles\ProjectileWaves.cpp">
      <Filter>Archivos de código fuente\Projectiles</Filter>
    </ClCompile>
    <ClCompile Include="main\sound\AudioManager.cpp">
      <Filter>Archivos de código fuente\Sound</Filter>
    </ClCompile>
    <ClCompile Include="main\TextureManager.cpp">
      <Filter>Archivos de código fuente</Filter>
    </ClCompile>
    <ClCompile Include="main\collisions\SpatialHashmap.cpp">
      <Filter>Archivos de código fuente\Collisions</Filter>
    </ClCompile>
    <ClCompile Include="main\characters\ExplosionFactory.cpp">
      <Filter>Archivos de código fuente\Characters</Filter>
    </ClCompile>
    <ClCompile Include="main\characters\Explosion.cpp">
      <Filter>Archivos de código fuente\Characters</Filter>
    </ClCompile>
    <ClCompile Include="main\scenes\InstructionsScene.cpp">
      <Filter>Archivos de código fuente\Scenes</Filter>
    </ClCompile>
    <ClCompile Include="main\scenes\CreditsScene.cpp">
      <Filter>Archivos de código fuente\Scenes</Filter>
    </ClCompile>
    <ClCompile Include="main\textures\Background.cpp">
      <Filter>Archivos de código fuente\Textures</Filter>
    </ClCompile>
    <ClCompile Include="main\sound\SDL2Music.cpp">
      <Filter>Archivos de código fuente\Sound</Filter>
    </ClCompile>
    <ClCompile Include="main\sound\SDLInit.cpp">
      <Filter>Archivos de código fuente\Sound</Filter>
    </ClCompile>
    <ClCompile Include="main\objects\PowerUp.cpp">
      <Filter>Archivos de código fuente\Objects</Filter>
    </ClCompile>
    <ClCompile Include="main\objects\ObjectFactory.cpp">
      <Filter>Archivos de código fuente\Objects</Filter>
    </ClCompile>
    <ClCompile Include="main\objects\Object.cpp">
      <Filter>Archivos de código fuente\Objects</Filter>
    </ClCompile>
    <ClCompile Include="main\ui\UI_Contador.cpp">
      <Filter>Archivos de código fuente\UI</Filter>
    </ClCompile>
    <ClCompile Include="main\ui\UI_Trombito.cpp">
      <Filter>Archivos de código fuente\UI</Filter>
    </ClCompile>
  </ItemGroup>
  <ItemGroup>
    <ClInclude Include="main\Game.h">
      <Filter>Archivos de encabezado</Filter>
    </ClInclude>
    <ClInclude Include="main\GeneralDefines.h">
      <Filter>Archivos de encabezado</Filter>
    </ClInclude>
    <ClInclude Include="main\utilities\Shader.h">
      <Filter>Archivos de encabezado\Utilities</Filter>
    </ClInclude>
    <ClInclude Include="main\utilities\Quad.h">
      <Filter>Archivos de encabezado\Utilities</Filter>
    </ClInclude>
    <ClInclude Include="main\utilities\AnimKeyframes.h">
      <Filter>Archivos de encabezado\Utilities</Filter>
    </ClInclude>
    <ClInclude Include="main\utilities\Texture.h">
      <Filter>Archivos de encabezado\Utilities</Filter>
    </ClInclude>
    <ClInclude Include="main\utilities\ShaderProgram.h">
      <Filter>Archivos de encabezado\Utilities</Filter>
    </ClInclude>
    <ClInclude Include="main\ui\UI_Button.h">
      <Filter>Archivos de encabezado\UI</Filter>
    </ClInclude>
    <ClInclude Include="main\ui\Text.h">
      <Filter>Archivos de encabezado\UI</Filter>
    </ClInclude>
    <ClInclude Include="main\textures\TileMap.h">
      <Filter>Archivos de encabezado\Textures</Filter>
    </ClInclude>
    <ClInclude Include="main\textures\TexturedQuad.h">
      <Filter>Archivos de encabezado\Textures</Filter>
    </ClInclude>
    <ClInclude Include="main\textures\SpriteOptimized.h">
      <Filter>Archivos de encabezado\Textures</Filter>
    </ClInclude>
    <ClInclude Include="main\textures\Sprite.h">
      <Filter>Archivos de encabezado\Textures</Filter>
    </ClInclude>
    <ClInclude Include="main\scenes\Scene.h">
      <Filter>Archivos de encabezado\Scenes</Filter>
    </ClInclude>
    <ClInclude Include="main\scenes\MainMenuScene.h">
      <Filter>Archivos de encabezado\Scenes</Filter>
    </ClInclude>
    <ClInclude Include="main\scenes\LoadingScene.h">
      <Filter>Archivos de encabezado\Scenes</Filter>
    </ClInclude>
    <ClInclude Include="main\scenes\GameScene.h">
      <Filter>Archivos de encabezado\Scenes</Filter>
    </ClInclude>
    <ClInclude Include="main\projectiles\ProjectileNormal.h">
      <Filter>Archivos de encabezado\Projectiles</Filter>
    </ClInclude>
    <ClInclude Include="main\projectiles\ProjectileFireball.h">
      <Filter>Archivos de encabezado\Projectiles</Filter>
    </ClInclude>
    <ClInclude Include="main\projectiles\ProjectileFactory.h">
      <Filter>Archivos de encabezado\Projectiles</Filter>
    </ClInclude>
    <ClInclude Include="main\projectiles\Projectile.h">
      <Filter>Archivos de encabezado\Projectiles</Filter>
    </ClInclude>
    <ClInclude Include="main\debug\TrianglesRenderer.h">
      <Filter>Archivos de encabezado\Debug</Filter>
    </ClInclude>
    <ClInclude Include="main\collisions\CollisionSystem.h">
      <Filter>Archivos de encabezado\Collisions</Filter>
    </ClInclude>
    <ClInclude Include="main\collisions\Collision.h">
      <Filter>Archivos de encabezado\Collisions</Filter>
    </ClInclude>
    <ClInclude Include="main\characters\CharacterFactory.h">
      <Filter>Archivos de encabezado\Characters</Filter>
    </ClInclude>
    <ClInclude Include="main\characters\Character.h">
      <Filter>Archivos de encabezado\Characters</Filter>
    </ClInclude>
    <ClInclude Include="main\characters\player\ForceDevice.h">
      <Filter>Archivos de encabezado\Characters\Player</Filter>
    </ClInclude>
    <ClInclude Include="main\characters\player\Player.h">
      <Filter>Archivos de encabezado\Characters\Player</Filter>
    </ClInclude>
    <ClInclude Include="main\characters\enemies\Enemy3.h">
      <Filter>Archivos de encabezado\Characters\Enemies</Filter>
    </ClInclude>
    <ClInclude Include="main\characters\enemies\Enemy4.h">
      <Filter>Archivos de encabezado\Characters\Enemies</Filter>
    </ClInclude>
    <ClInclude Include="main\characters\enemies\Boss.h">
      <Filter>Archivos de encabezado\Characters\Enemies</Filter>
    </ClInclude>
    <ClInclude Include="main\characters\enemies\Enemy1.h">
      <Filter>Archivos de encabezado\Characters\Enemies</Filter>
    </ClInclude>
    <ClInclude Include="main\characters\enemies\Enemy2.h">
      <Filter>Archivos de encabezado\Characters\Enemies</Filter>
    </ClInclude>
    <ClInclude Include="main\characters\enemies\Worm.h">
      <Filter>Archivos de encabezado\Characters\Enemies</Filter>
    </ClInclude>
    <ClInclude Include="main\projectiles\ProjectileWaves.h">
      <Filter>Archivos de encabezado\Projectiles</Filter>
    </ClInclude>
    <ClInclude Include="main\sound\AudioManager.h">
      <Filter>Archivos de encabezado\Sound</Filter>
    </ClInclude>
    <ClInclude Include="main\TextureManager.h">
      <Filter>Archivos de encabezado</Filter>
    </ClInclude>
    <ClInclude Include="main\collisions\SpatialHashmap.h">
      <Filter>Archivos de encabezado\Collisions</Filter>
    </ClInclude>
    <ClInclude Include="main\characters\ExplosionFactory.h">
      <Filter>Archivos de encabezado\Characters</Filter>
    </ClInclude>
    <ClInclude Include="main\characters\Explosion.h">
      <Filter>Archivos de encabezado\Characters</Filter>
    </ClInclude>
    <ClInclude Include="main\scenes\InstructionsScene.h">
      <Filter>Archivos de encabezado\Scenes</Filter>
    </ClInclude>
    <ClInclude Include="main\scenes\CreditsScene.h">
      <Filter>Archivos de encabezado\Scenes</Filter>
    </ClInclude>
    <ClInclude Include="main\textures\Background.h">
      <Filter>Archivos de encabezado\Textures</Filter>
    </ClInclude>
    <ClInclude Include="main\sound\SDL2Music.h">
      <Filter>Archivos de encabezado\Sound</Filter>
    </ClInclude>
    <ClInclude Include="main\sound\SDLInit.h">
      <Filter>Archivos de encabezado\Sound</Filter>
    </ClInclude>
    <ClInclude Include="main\objects\ObjectFactory.h">
      <Filter>Archivos de encabezado\Objects</Filter>
    </ClInclude>
    <ClInclude Include="main\objects\Object.h">
      <Filter>Archivos de encabezado\Objects</Filter>
    </ClInclude>
    <ClInclude Include="main\objects\PowerUp.h">
      <Filter>Archivos de encabezado\Objects</Filter>
    </ClInclude>
    <ClInclude Include="main\ui\UI_Contador.h">
      <Filter>Archivos de encabezado\UI</Filter>
    </ClInclude>
    <ClInclude Include="main\ui\UI_Trombito.h">
      <Filter>Archivos de encabezado\UI</Filter>
    </ClInclude>
  </ItemGroup>
</Project>